
Microsoft Visual Studio Solution File, Format Version 12.00
# Visual Studio 15
Project("{FAE04EC0-301F-11D3-BF4B-00C04F79EFBC}") = "MVVM", "MVVM.csproj", "{931FFB8B-78DC-6A5B-013B-8B94B8569F00}"
EndProject
Global
	GlobalSection(SolutionConfigurationPlatforms) = preSolution
		Debug|Any CPU = Debug|Any CPU
		Release|Any CPU = Release|Any CPU
	EndGlobalSection
	GlobalSection(ProjectConfigurationPlatforms) = postSolution
		{931FFB8B-78DC-6A5B-013B-8B94B8569F00}.Debug|Any CPU.ActiveCfg = Debug|Any CPU
		{931FFB8B-78DC-6A5B-013B-8B94B8569F00}.Debug|Any CPU.Build.0 = Debug|Any CPU
		{931FFB8B-78DC-6A5B-013B-8B94B8569F00}.Release|Any CPU.ActiveCfg = Release|Any CPU
		{931FFB8B-78DC-6A5B-013B-8B94B8569F00}.Release|Any CPU.Build.0 = Release|Any CPU
	EndGlobalSection
	GlobalSection(SolutionProperties) = preSolution
		HideSolutionNode = FALSE
	EndGlobalSection
EndGlobal
